hash: bf7287631e7cba3a85a1f1bea18d95237979070685080f84beda4f75a595cd6a
updated: 2017-04-12T02:12:13.134865453-06:00
imports:
- name: github.com/ferrariframework/ferrariworker
  version: d3bfd540f87f807dca74f58cb089462fd7a366a4
  subpackages:
  - processor
  - processor/rabbit
- name: github.com/go-redis/redis
  version: 313a8d7fab7884cd2e80ca9d9d0a5ecb26ac66a6
  subpackages:
  - internal
  - internal/consistenthash
  - internal/hashtag
  - internal/pool
  - internal/proto
- name: github.com/lib/pq
  version: 2704adc878c21e1329f46f6e56a1c387d788ff94
  subpackages:
  - oid
- name: github.com/spf13/cast
  version: 24b6558033ffe202bf42f0f3b870dcc798dd2ba8
- name: github.com/streadway/amqp
  version: cb4fb930736ebd61a54da180a6aa4e92b206ff13
- name: gopkg.in/mgo.v2
  version: 3f83fa5005286a7fe593b055f0d7771a7dce4655
  subpackages:
  - bson
  - internal/json
  - internal/sasl
  - internal/scram
testImports: []
